
Microsoft Visual Studio Solution File, Format Version 12.00
# Visual Studio Version 17
VisualStudioVersion = 17.7.34221.43
MinimumVisualStudioVersion = 10.0.40219.1
Project("{FAE04EC0-301F-11D3-BF4B-00C04F79EFBC}") = "VendingMachine3", "VendingMachine3\VendingMachine3.csproj", "{B80EAF68-EB08-4F29-9653-83E23AA51AEC}"
EndProject
Global
	GlobalSection(SolutionConfigurationPlatforms) = preSolution
		Debug|Any CPU = Debug|Any CPU
		Release|Any CPU = Release|Any CPU
	EndGlobalSection
	GlobalSection(ProjectConfigurationPlatforms) = postSolution
		{B80EAF68-EB08-4F29-9653-83E23AA51AEC}.Debug|Any CPU.ActiveCfg = Debug|Any CPU
		{B80EAF68-EB08-4F29-9653-83E23AA51AEC}.Debug|Any CPU.Build.0 = Debug|Any CPU
		{B80EAF68-EB08-4F29-9653-83E23AA51AEC}.Release|Any CPU.ActiveCfg = Release|Any CPU
		{B80EAF68-EB08-4F29-9653-83E23AA51AEC}.Release|Any CPU.Build.0 = Release|Any CPU
	EndGlobalSection
	GlobalSection(SolutionProperties) = preSolution
		HideSolutionNode = FALSE
	EndGlobalSection
	GlobalSection(ExtensibilityGlobals) = postSolution
		SolutionGuid = {8B45FAE6-5DA3-4D85-A2CE-A2897C1DC5E6}
	EndGlobalSection
EndGlobal
